// !$*UTF8*$!
{
	archiveVersion = 1;
	classes = {
	};
	objectVersion = 52;
	objects = {

/* Begin PBXBuildFile section */
		7F06665626D072660070B005 /* BreedDetailsPresenter.swift in Sources */ = {isa = PBXBuildFile; fileRef = 7F06665526D072660070B005 /* BreedDetailsPresenter.swift */; };
		7F13F20D26C83C58001652C2 /* CenterButtonTabBar.swift in Sources */ = {isa = PBXBuildFile; fileRef = 7F13F20C26C83C58001652C2 /* CenterButtonTabBar.swift */; };
		7F13F21126C84C0B001652C2 /* TabBarController.swift in Sources */ = {isa = PBXBuildFile; fileRef = 7F13F21026C84C0B001652C2 /* TabBarController.swift */; };
		7F13F21626C8538A001652C2 /* CatFinderViewController.swift in Sources */ = {isa = PBXBuildFile; fileRef = 7F13F21526C8538A001652C2 /* CatFinderViewController.swift */; };
		7F13F21C26C8599C001652C2 /* CatBreedListResponse.swift in Sources */ = {isa = PBXBuildFile; fileRef = 7F13F21B26C8599C001652C2 /* CatBreedListResponse.swift */; };
		7F13F22026C85C28001652C2 /* CatBreedListRequest.swift in Sources */ = {isa = PBXBuildFile; fileRef = 7F13F21F26C85C28001652C2 /* CatBreedListRequest.swift */; };
		7F13F22326C85C62001652C2 /* DictionaryConvertible.swift in Sources */ = {isa = PBXBuildFile; fileRef = 7F13F22226C85C62001652C2 /* DictionaryConvertible.swift */; };
		7F13F22726C85CE7001652C2 /* TheCatApiClient.swift in Sources */ = {isa = PBXBuildFile; fileRef = 7F13F22626C85CE7001652C2 /* TheCatApiClient.swift */; };
		7F13F22B26C85DAA001652C2 /* TheCatApiEndpoint.swift in Sources */ = {isa = PBXBuildFile; fileRef = 7F13F22A26C85DAA001652C2 /* TheCatApiEndpoint.swift */; };
		7F13F22F26C8623C001652C2 /* BreedListViewController.swift in Sources */ = {isa = PBXBuildFile; fileRef = 7F13F22E26C8623C001652C2 /* BreedListViewController.swift */; };
		7F13F23226C862A5001652C2 /* BreedListPresenter.swift in Sources */ = {isa = PBXBuildFile; fileRef = 7F13F23126C862A5001652C2 /* BreedListPresenter.swift */; };
		7F13F23526C869CE001652C2 /* UIViewController+.swift in Sources */ = {isa = PBXBuildFile; fileRef = 7F13F23426C869CE001652C2 /* UIViewController+.swift */; };
		7F163BAA26C9F2C200DB4E30 /* CatBreedCellViewModel.swift in Sources */ = {isa = PBXBuildFile; fileRef = 7F163BA926C9F2C200DB4E30 /* CatBreedCellViewModel.swift */; };
		7F4BAA7A26C887D60047F127 /* SDWebImage in Frameworks */ = {isa = PBXBuildFile; productRef = 7F4BAA7926C887D60047F127 /* SDWebImage */; };
		7F4BAA8026C89BA50047F127 /* CatBreedCell.swift in Sources */ = {isa = PBXBuildFile; fileRef = 7F4BAA7F26C89BA50047F127 /* CatBreedCell.swift */; };
		7F4BAA8326C89E780047F127 /* CatBreedCell.xib in Resources */ = {isa = PBXBuildFile; fileRef = 7F4BAA8226C89E770047F127 /* CatBreedCell.xib */; };
		7F531AD526BF2403002106E2 /* AppDelegate.swift in Sources */ = {isa = PBXBuildFile; fileRef = 7F531AD426BF2403002106E2 /* AppDelegate.swift */; };
		7F531AD726BF2403002106E2 /* SceneDelegate.swift in Sources */ = {isa = PBXBuildFile; fileRef = 7F531AD626BF2403002106E2 /* SceneDelegate.swift */; };
		7F531ADC26BF2403002106E2 /* Main.storyboard in Resources */ = {isa = PBXBuildFile; fileRef = 7F531ADA26BF2403002106E2 /* Main.storyboard */; };
		7F531ADE26BF2404002106E2 /* Assets.xcassets in Resources */ = {isa = PBXBuildFile; fileRef = 7F531ADD26BF2404002106E2 /* Assets.xcassets */; };
		7F531AE126BF2404002106E2 /* LaunchScreen.storyboard in Resources */ = {isa = PBXBuildFile; fileRef = 7F531ADF26BF2404002106E2 /* LaunchScreen.storyboard */; };
		7F531AF426BF27B8002106E2 /* Endpoint.swift in Sources */ = {isa = PBXBuildFile; fileRef = 7F531AEA26BF27B7002106E2 /* Endpoint.swift */; };
		7F531AF526BF27B8002106E2 /* RequestParams.swift in Sources */ = {isa = PBXBuildFile; fileRef = 7F531AEB26BF27B7002106E2 /* RequestParams.swift */; };
		7F531AF626BF27B8002106E2 /* BaseApiClient.swift in Sources */ = {isa = PBXBuildFile; fileRef = 7F531AEC26BF27B7002106E2 /* BaseApiClient.swift */; };
		7F531AF726BF27B8002106E2 /* SimpleJSONHandler.swift in Sources */ = {isa = PBXBuildFile; fileRef = 7F531AED26BF27B7002106E2 /* SimpleJSONHandler.swift */; };
		7F531AF826BF27B8002106E2 /* URLRequester.swift in Sources */ = {isa = PBXBuildFile; fileRef = 7F531AEE26BF27B7002106E2 /* URLRequester.swift */; };
		7F531AF926BF27B8002106E2 /* HTTPMethod.swift in Sources */ = {isa = PBXBuildFile; fileRef = 7F531AEF26BF27B8002106E2 /* HTTPMethod.swift */; };
		7F531AFA26BF27B8002106E2 /* ContentType.swift in Sources */ = {isa = PBXBuildFile; fileRef = 7F531AF026BF27B8002106E2 /* ContentType.swift */; };
		7F531AFB26BF27B8002106E2 /* Result.swift in Sources */ = {isa = PBXBuildFile; fileRef = 7F531AF126BF27B8002106E2 /* Result.swift */; };
		7F531AFC26BF27B8002106E2 /* URLRequestBuilder.swift in Sources */ = {isa = PBXBuildFile; fileRef = 7F531AF226BF27B8002106E2 /* URLRequestBuilder.swift */; };
		7F531AFD26BF27B8002106E2 /* HTTPHeaderField.swift in Sources */ = {isa = PBXBuildFile; fileRef = 7F531AF326BF27B8002106E2 /* HTTPHeaderField.swift */; };
		7F78868926CA1FB0002B5C04 /* RealmSwift in Frameworks */ = {isa = PBXBuildFile; productRef = 7F78868826CA1FB0002B5C04 /* RealmSwift */; };
		7F78868B26CA1FB0002B5C04 /* Realm in Frameworks */ = {isa = PBXBuildFile; productRef = 7F78868A26CA1FB0002B5C04 /* Realm */; };
		7FCAAB7526C9F95B00A84349 /* BreedDetailsViewController.swift in Sources */ = {isa = PBXBuildFile; fileRef = 7FCAAB7426C9F95B00A84349 /* BreedDetailsViewController.swift */; };
		7FCAAB7E26C9FB9300A84349 /* BarView.swift in Sources */ = {isa = PBXBuildFile; fileRef = 7FCAAB7D26C9FB9300A84349 /* BarView.swift */; };
/* End PBXBuildFile section */

/* Begin PBXFileReference section */
		7F06665526D072660070B005 /* BreedDetailsPresenter.swift */ = {isa = PBXFileReference; lastKnownFileType = sourcecode.swift; path = BreedDetailsPresenter.swift; sourceTree = "<group>"; };
		7F13F20C26C83C58001652C2 /* CenterButtonTabBar.swift */ = {isa = PBXFileReference; lastKnownFileType = sourcecode.swift; path = CenterButtonTabBar.swift; sourceTree = "<group>"; };
		7F13F21026C84C0B001652C2 /* TabBarController.swift */ = {isa = PBXFileReference; lastKnownFileType = sourcecode.swift; path = TabBarController.swift; sourceTree = "<group>"; };
		7F13F21526C8538A001652C2 /* CatFinderViewController.swift */ = {isa = PBXFileReference; lastKnownFileType = sourcecode.swift; path = CatFinderViewController.swift; sourceTree = "<group>"; };
		7F13F21B26C8599C001652C2 /* CatBreedListResponse.swift */ = {isa = PBXFileReference; lastKnownFileType = sourcecode.swift; path = CatBreedListResponse.swift; sourceTree = "<group>"; };
		7F13F21F26C85C28001652C2 /* CatBreedListRequest.swift */ = {isa = PBXFileReference; lastKnownFileType = sourcecode.swift; path = CatBreedListRequest.swift; sourceTree = "<group>"; };
		7F13F22226C85C62001652C2 /* DictionaryConvertible.swift */ = {isa = PBXFileReference; lastKnownFileType = sourcecode.swift; path = DictionaryConvertible.swift; sourceTree = "<group>"; };
		7F13F22626C85CE7001652C2 /* TheCatApiClient.swift */ = {isa = PBXFileReference; lastKnownFileType = sourcecode.swift; path = TheCatApiClient.swift; sourceTree = "<group>"; };
		7F13F22A26C85DAA001652C2 /* TheCatApiEndpoint.swift */ = {isa = PBXFileReference; lastKnownFileType = sourcecode.swift; path = TheCatApiEndpoint.swift; sourceTree = "<group>"; };
		7F13F22E26C8623C001652C2 /* BreedListViewController.swift */ = {isa = PBXFileReference; lastKnownFileType = sourcecode.swift; path = BreedListViewController.swift; sourceTree = "<group>"; };
		7F13F23126C862A5001652C2 /* BreedListPresenter.swift */ = {isa = PBXFileReference; lastKnownFileType = sourcecode.swift; path = BreedListPresenter.swift; sourceTree = "<group>"; };
		7F13F23426C869CE001652C2 /* UIViewController+.swift */ = {isa = PBXFileReference; lastKnownFileType = sourcecode.swift; path = "UIViewController+.swift"; sourceTree = "<group>"; };
		7F163BA926C9F2C200DB4E30 /* CatBreedCellViewModel.swift */ = {isa = PBXFileReference; lastKnownFileType = sourcecode.swift; path = CatBreedCellViewModel.swift; sourceTree = "<group>"; };
		7F4BAA7F26C89BA50047F127 /* CatBreedCell.swift */ = {isa = PBXFileReference; lastKnownFileType = sourcecode.swift; path = CatBreedCell.swift; sourceTree = "<group>"; };
		7F4BAA8226C89E770047F127 /* CatBreedCell.xib */ = {isa = PBXFileReference; lastKnownFileType = file.xib; path = CatBreedCell.xib; sourceTree = "<group>"; };
		7F531AD126BF2403002106E2 /* cat-breed-finder.app */ = {isa = PBXFileReference; explicitFileType = wrapper.application; includeInIndex = 0; path = "cat-breed-finder.app"; sourceTree = BUILT_PRODUCTS_DIR; };
		7F531AD426BF2403002106E2 /* AppDelegate.swift */ = {isa = PBXFileReference; lastKnownFileType = sourcecode.swift; path = AppDelegate.swift; sourceTree = "<group>"; };
		7F531AD626BF2403002106E2 /* SceneDelegate.swift */ = {isa = PBXFileReference; lastKnownFileType = sourcecode.swift; path = SceneDelegate.swift; sourceTree = "<group>"; };
		7F531ADB26BF2403002106E2 /* Base */ = {isa = PBXFileReference; lastKnownFileType = file.storyboard; name = Base; path = Base.lproj/Main.storyboard; sourceTree = "<group>"; };
		7F531ADD26BF2404002106E2 /* Assets.xcassets */ = {isa = PBXFileReference; lastKnownFileType = folder.assetcatalog; path = Assets.xcassets; sourceTree = "<group>"; };
		7F531AE026BF2404002106E2 /* Base */ = {isa = PBXFileReference; lastKnownFileType = file.storyboard; name = Base; path = Base.lproj/LaunchScreen.storyboard; sourceTree = "<group>"; };
		7F531AE226BF2404002106E2 /* Info.plist */ = {isa = PBXFileReference; lastKnownFileType = text.plist.xml; path = Info.plist; sourceTree = "<group>"; };
		7F531AEA26BF27B7002106E2 /* Endpoint.swift */ = {isa = PBXFileReference; fileEncoding = 4; lastKnownFileType = sourcecode.swift; path = Endpoint.swift; sourceTree = "<group>"; };
		7F531AEB26BF27B7002106E2 /* RequestParams.swift */ = {isa = PBXFileReference; fileEncoding = 4; lastKnownFileType = sourcecode.swift; path = RequestParams.swift; sourceTree = "<group>"; };
		7F531AEC26BF27B7002106E2 /* BaseApiClient.swift */ = {isa = PBXFileReference; fileEncoding = 4; lastKnownFileType = sourcecode.swift; path = BaseApiClient.swift; sourceTree = "<group>"; };
		7F531AED26BF27B7002106E2 /* SimpleJSONHandler.swift */ = {isa = PBXFileReference; fileEncoding = 4; lastKnownFileType = sourcecode.swift; path = SimpleJSONHandler.swift; sourceTree = "<group>"; };
		7F531AEE26BF27B7002106E2 /* URLRequester.swift */ = {isa = PBXFileReference; fileEncoding = 4; lastKnownFileType = sourcecode.swift; path = URLRequester.swift; sourceTree = "<group>"; };
		7F531AEF26BF27B8002106E2 /* HTTPMethod.swift */ = {isa = PBXFileReference; fileEncoding = 4; lastKnownFileType = sourcecode.swift; path = HTTPMethod.swift; sourceTree = "<group>"; };
		7F531AF026BF27B8002106E2 /* ContentType.swift */ = {isa = PBXFileReference; fileEncoding = 4; lastKnownFileType = sourcecode.swift; path = ContentType.swift; sourceTree = "<group>"; };
		7F531AF126BF27B8002106E2 /* Result.swift */ = {isa = PBXFileReference; fileEncoding = 4; lastKnownFileType = sourcecode.swift; path = Result.swift; sourceTree = "<group>"; };
		7F531AF226BF27B8002106E2 /* URLRequestBuilder.swift */ = {isa = PBXFileReference; fileEncoding = 4; lastKnownFileType = sourcecode.swift; path = URLRequestBuilder.swift; sourceTree = "<group>"; };
		7F531AF326BF27B8002106E2 /* HTTPHeaderField.swift */ = {isa = PBXFileReference; fileEncoding = 4; lastKnownFileType = sourcecode.swift; path = HTTPHeaderField.swift; sourceTree = "<group>"; };
		7FCAAB7426C9F95B00A84349 /* BreedDetailsViewController.swift */ = {isa = PBXFileReference; lastKnownFileType = sourcecode.swift; path = BreedDetailsViewController.swift; sourceTree = "<group>"; };
		7FCAAB7D26C9FB9300A84349 /* BarView.swift */ = {isa = PBXFileReference; lastKnownFileType = sourcecode.swift; path = BarView.swift; sourceTree = "<group>"; };
/* End PBXFileReference section */

/* Begin PBXFrameworksBuildPhase section */
		7F531ACE26BF2403002106E2 /* Frameworks */ = {
			isa = PBXFrameworksBuildPhase;
			buildActionMask = 2147483647;
			files = (
				7F78868B26CA1FB0002B5C04 /* Realm in Frameworks */,
				7F78868926CA1FB0002B5C04 /* RealmSwift in Frameworks */,
				7F4BAA7A26C887D60047F127 /* SDWebImage in Frameworks */,
			);
			runOnlyForDeploymentPostprocessing = 0;
		};
/* End PBXFrameworksBuildPhase section */

/* Begin PBXGroup section */
		7F13F20F26C84BFE001652C2 /* TabBarController */ = {
			isa = PBXGroup;
			children = (
				7F13F21026C84C0B001652C2 /* TabBarController.swift */,
			);
			path = TabBarController;
			sourceTree = "<group>";
		};
		7F13F21426C85378001652C2 /* CatFinder */ = {
			isa = PBXGroup;
			children = (
				7F13F21526C8538A001652C2 /* CatFinderViewController.swift */,
			);
			path = CatFinder;
			sourceTree = "<group>";
		};
		7F13F21926C858DB001652C2 /* Request */ = {
			isa = PBXGroup;
			children = (
				7F13F21F26C85C28001652C2 /* CatBreedListRequest.swift */,
			);
			path = Request;
			sourceTree = "<group>";
		};
		7F13F21A26C858E3001652C2 /* Response */ = {
			isa = PBXGroup;
			children = (
				7F13F21B26C8599C001652C2 /* CatBreedListResponse.swift */,
			);
			path = Response;
			sourceTree = "<group>";
		};
		7F13F22526C85CD3001652C2 /* Base */ = {
			isa = PBXGroup;
			children = (
				7F531AEC26BF27B7002106E2 /* BaseApiClient.swift */,
				7F531AF026BF27B8002106E2 /* ContentType.swift */,
				7F531AEA26BF27B7002106E2 /* Endpoint.swift */,
				7F531AF326BF27B8002106E2 /* HTTPHeaderField.swift */,
				7F531AEF26BF27B8002106E2 /* HTTPMethod.swift */,
				7F531AEB26BF27B7002106E2 /* RequestParams.swift */,
				7F531AF126BF27B8002106E2 /* Result.swift */,
				7F531AED26BF27B7002106E2 /* SimpleJSONHandler.swift */,
				7F531AF226BF27B8002106E2 /* URLRequestBuilder.swift */,
				7F531AEE26BF27B7002106E2 /* URLRequester.swift */,
			);
			path = Base;
			sourceTree = "<group>";
		};
		7F13F22D26C8622B001652C2 /* BreedList */ = {
			isa = PBXGroup;
			children = (
				7F13F22E26C8623C001652C2 /* BreedListViewController.swift */,
				7F13F23126C862A5001652C2 /* BreedListPresenter.swift */,
			);
			path = BreedList;
			sourceTree = "<group>";
		};
		7F163BA826C9F2A900DB4E30 /* CatBreedCell */ = {
			isa = PBXGroup;
			children = (
				7F4BAA7F26C89BA50047F127 /* CatBreedCell.swift */,
				7F4BAA8226C89E770047F127 /* CatBreedCell.xib */,
				7F163BA926C9F2C200DB4E30 /* CatBreedCellViewModel.swift */,
			);
			path = CatBreedCell;
			sourceTree = "<group>";
		};
		7F4BAA7E26C89B960047F127 /* Cells */ = {
			isa = PBXGroup;
			children = (
				7F163BA826C9F2A900DB4E30 /* CatBreedCell */,
			);
			path = Cells;
			sourceTree = "<group>";
		};
		7F531AC826BF2403002106E2 = {
			isa = PBXGroup;
			children = (
				7F531AD326BF2403002106E2 /* cat-breed-finder */,
				7F531AD226BF2403002106E2 /* Products */,
			);
			sourceTree = "<group>";
		};
		7F531AD226BF2403002106E2 /* Products */ = {
			isa = PBXGroup;
			children = (
				7F531AD126BF2403002106E2 /* cat-breed-finder.app */,
			);
			name = Products;
			sourceTree = "<group>";
		};
		7F531AD326BF2403002106E2 /* cat-breed-finder */ = {
			isa = PBXGroup;
			children = (
				7F531B0726BF2A46002106E2 /* Supporting Files */,
				7F531B0326BF28D3002106E2 /* Features */,
				7F531AFF26BF282C002106E2 /* Shared */,
				7F531AD426BF2403002106E2 /* AppDelegate.swift */,
				7F531AD626BF2403002106E2 /* SceneDelegate.swift */,
				7F531ADA26BF2403002106E2 /* Main.storyboard */,
				7F531ADF26BF2404002106E2 /* LaunchScreen.storyboard */,
			);
			path = "cat-breed-finder";
			sourceTree = "<group>";
		};
		7F531AE926BF277F002106E2 /* Networking */ = {
			isa = PBXGroup;
			children = (
				7F13F22526C85CD3001652C2 /* Base */,
				7F13F22626C85CE7001652C2 /* TheCatApiClient.swift */,
				7F13F22A26C85DAA001652C2 /* TheCatApiEndpoint.swift */,
			);
			path = Networking;
			sourceTree = "<group>";
		};
		7F531AFF26BF282C002106E2 /* Shared */ = {
			isa = PBXGroup;
			children = (
				7F531B0526BF2A22002106E2 /* Resources */,
				7F531B0226BF28C9002106E2 /* Models */,
				7F531B0026BF28AC002106E2 /* Utils */,
				7F531B0126BF28B2002106E2 /* Views */,
				7F531AE926BF277F002106E2 /* Networking */,
			);
			path = Shared;
			sourceTree = "<group>";
		};
		7F531B0026BF28AC002106E2 /* Utils */ = {
			isa = PBXGroup;
			children = (
				7F13F22226C85C62001652C2 /* DictionaryConvertible.swift */,
				7F13F23426C869CE001652C2 /* UIViewController+.swift */,
			);
			path = Utils;
			sourceTree = "<group>";
		};
		7F531B0126BF28B2002106E2 /* Views */ = {
			isa = PBXGroup;
			children = (
				7FCAAB7B26C9FB7200A84349 /* BarView */,
				7F4BAA7E26C89B960047F127 /* Cells */,
				7F13F20C26C83C58001652C2 /* CenterButtonTabBar.swift */,
			);
			path = Views;
			sourceTree = "<group>";
		};
		7F531B0226BF28C9002106E2 /* Models */ = {
			isa = PBXGroup;
			children = (
				7F13F21A26C858E3001652C2 /* Response */,
				7F13F21926C858DB001652C2 /* Request */,
			);
			path = Models;
			sourceTree = "<group>";
		};
		7F531B0326BF28D3002106E2 /* Features */ = {
			isa = PBXGroup;
			children = (
				7FCAAB7326C9F94800A84349 /* BreedDetails */,
				7F13F22D26C8622B001652C2 /* BreedList */,
				7F13F21426C85378001652C2 /* CatFinder */,
				7F13F20F26C84BFE001652C2 /* TabBarController */,
			);
			path = Features;
			sourceTree = "<group>";
		};
		7F531B0526BF2A22002106E2 /* Resources */ = {
			isa = PBXGroup;
			children = (
				7F531ADD26BF2404002106E2 /* Assets.xcassets */,
			);
			path = Resources;
			sourceTree = "<group>";
		};
		7F531B0726BF2A46002106E2 /* Supporting Files */ = {
			isa = PBXGroup;
			children = (
				7F531AE226BF2404002106E2 /* Info.plist */,
			);
			path = "Supporting Files";
			sourceTree = "<group>";
		};
		7FCAAB7326C9F94800A84349 /* BreedDetails */ = {
			isa = PBXGroup;
			children = (
				7FCAAB7426C9F95B00A84349 /* BreedDetailsViewController.swift */,
				7F06665526D072660070B005 /* BreedDetailsPresenter.swift */,
			);
			path = BreedDetails;
			sourceTree = "<group>";
		};
		7FCAAB7B26C9FB7200A84349 /* BarView */ = {
			isa = PBXGroup;
			children = (
				7FCAAB7D26C9FB9300A84349 /* BarView.swift */,
			);
			path = BarView;
			sourceTree = "<group>";
		};
/* End PBXGroup section */

/* Begin PBXNativeTarget section */
		7F531AD026BF2403002106E2 /* cat-breed-finder */ = {
			isa = PBXNativeTarget;
			buildConfigurationList = 7F531AE526BF2404002106E2 /* Build configuration list for PBXNativeTarget "cat-breed-finder" */;
			buildPhases = (
				7F531ACD26BF2403002106E2 /* Sources */,
				7F531ACE26BF2403002106E2 /* Frameworks */,
				7F531ACF26BF2403002106E2 /* Resources */,
			);
			buildRules = (
			);
			dependencies = (
			);
			name = "cat-breed-finder";
			packageProductDependencies = (
				7F4BAA7926C887D60047F127 /* SDWebImage */,
				7F78868826CA1FB0002B5C04 /* RealmSwift */,
				7F78868A26CA1FB0002B5C04 /* Realm */,
			);
			productName = "cat-breed-finder";
			productReference = 7F531AD126BF2403002106E2 /* cat-breed-finder.app */;
			productType = "com.apple.product-type.application";
		};
/* End PBXNativeTarget section */

/* Begin PBXProject section */
		7F531AC926BF2403002106E2 /* Project object */ = {
			isa = PBXProject;
			attributes = {
				LastSwiftUpdateCheck = 1240;
				LastUpgradeCheck = 1240;
				TargetAttributes = {
					7F531AD026BF2403002106E2 = {
						CreatedOnToolsVersion = 12.4;
					};
				};
			};
			buildConfigurationList = 7F531ACC26BF2403002106E2 /* Build configuration list for PBXProject "cat-breed-finder" */;
			compatibilityVersion = "Xcode 9.3";
			developmentRegion = en;
			hasScannedForEncodings = 0;
			knownRegions = (
				en,
				Base,
			);
			mainGroup = 7F531AC826BF2403002106E2;
			packageReferences = (
				7F4BAA7826C887D60047F127 /* XCRemoteSwiftPackageReference "SDWebImage" */,
				7F78868726CA1FB0002B5C04 /* XCRemoteSwiftPackageReference "realm-cocoa" */,
			);
			productRefGroup = 7F531AD226BF2403002106E2 /* Products */;
			projectDirPath = "";
			projectRoot = "";
			targets = (
				7F531AD026BF2403002106E2 /* cat-breed-finder */,
			);
		};
/* End PBXProject section */

/* Begin PBXResourcesBuildPhase section */
		7F531ACF26BF2403002106E2 /* Resources */ = {
			isa = PBXResourcesBuildPhase;
			buildActionMask = 2147483647;
			files = (
				7F531AE126BF2404002106E2 /* LaunchScreen.storyboard in Resources */,
				7F531ADE26BF2404002106E2 /* Assets.xcassets in Resources */,
				7F531ADC26BF2403002106E2 /* Main.storyboard in Resources */,
				7F4BAA8326C89E780047F127 /* CatBreedCell.xib in Resources */,
			);
			runOnlyForDeploymentPostprocessing = 0;
		};
/* End PBXResourcesBuildPhase section */

/* Begin PBXSourcesBuildPhase section */
		7F531ACD26BF2403002106E2 /* Sources */ = {
			isa = PBXSourcesBuildPhase;
			buildActionMask = 2147483647;
			files = (
				7F13F23226C862A5001652C2 /* BreedListPresenter.swift in Sources */,
				7F13F22326C85C62001652C2 /* DictionaryConvertible.swift in Sources */,
				7F531AF826BF27B8002106E2 /* URLRequester.swift in Sources */,
				7F13F22026C85C28001652C2 /* CatBreedListRequest.swift in Sources */,
				7F13F22F26C8623C001652C2 /* BreedListViewController.swift in Sources */,
				7F13F21126C84C0B001652C2 /* TabBarController.swift in Sources */,
				7F531AF526BF27B8002106E2 /* RequestParams.swift in Sources */,
				7F13F22726C85CE7001652C2 /* TheCatApiClient.swift in Sources */,
				7F531AD526BF2403002106E2 /* AppDelegate.swift in Sources */,
				7F531AF426BF27B8002106E2 /* Endpoint.swift in Sources */,
				7F4BAA8026C89BA50047F127 /* CatBreedCell.swift in Sources */,
				7F531AFC26BF27B8002106E2 /* URLRequestBuilder.swift in Sources */,
				7F163BAA26C9F2C200DB4E30 /* CatBreedCellViewModel.swift in Sources */,
				7F13F21626C8538A001652C2 /* CatFinderViewController.swift in Sources */,
				7F06665626D072660070B005 /* BreedDetailsPresenter.swift in Sources */,
				7F531AFA26BF27B8002106E2 /* ContentType.swift in Sources */,
				7F531AF926BF27B8002106E2 /* HTTPMethod.swift in Sources */,
				7F13F23526C869CE001652C2 /* UIViewController+.swift in Sources */,
				7F531AF626BF27B8002106E2 /* BaseApiClient.swift in Sources */,
				7FCAAB7E26C9FB9300A84349 /* BarView.swift in Sources */,
				7FCAAB7526C9F95B00A84349 /* BreedDetailsViewController.swift in Sources */,
				7F13F22B26C85DAA001652C2 /* TheCatApiEndpoint.swift in Sources */,
				7F13F21C26C8599C001652C2 /* CatBreedListResponse.swift in Sources */,
				7F531AFD26BF27B8002106E2 /* HTTPHeaderField.swift in Sources */,
				7F13F20D26C83C58001652C2 /* CenterButtonTabBar.swift in Sources */,
				7F531AD726BF2403002106E2 /* SceneDelegate.swift in Sources */,
				7F531AF726BF27B8002106E2 /* SimpleJSONHandler.swift in Sources */,
				7F531AFB26BF27B8002106E2 /* Result.swift in Sources */,
			);
			runOnlyForDeploymentPostprocessing = 0;
		};
/* End PBXSourcesBuildPhase section */

/* Begin PBXVariantGroup section */
		7F531ADA26BF2403002106E2 /* Main.storyboard */ = {
			isa = PBXVariantGroup;
			children = (
				7F531ADB26BF2403002106E2 /* Base */,
			);
			name = Main.storyboard;
			sourceTree = "<group>";
		};
		7F531ADF26BF2404002106E2 /* LaunchScreen.storyboard */ = {
			isa = PBXVariantGroup;
			children = (
				7F531AE026BF2404002106E2 /* Base */,
			);
			name = LaunchScreen.storyboard;
			sourceTree = "<group>";
		};
/* End PBXVariantGroup section */

/* Begin XCBuildConfiguration section */
		7F531AE326BF2404002106E2 /* Debug */ = {
			isa = XCBuildConfiguration;
			buildSettings = {
				ALWAYS_SEARCH_USER_PATHS = NO;
				CLANG_ANALYZER_NONNULL = YES;
				CLANG_ANALYZER_NUMBER_OBJECT_CONVERSION = YES_AGGRESSIVE;
				CLANG_CXX_LANGUAGE_STANDARD = "gnu++14";
				CLANG_CXX_LIBRARY = "libc++";
				CLANG_ENABLE_MODULES = YES;
				CLANG_ENABLE_OBJC_ARC = YES;
				CLANG_ENABLE_OBJC_WEAK = YES;
				CLANG_WARN_BLOCK_CAPTURE_AUTORELEASING = YES;
				CLANG_WARN_BOOL_CONVERSION = YES;
				CLANG_WARN_COMMA = YES;
				CLANG_WARN_CONSTANT_CONVERSION = YES;
				CLANG_WARN_DEPRECATED_OBJC_IMPLEMENTATIONS = YES;
				CLANG_WARN_DIRECT_OBJC_ISA_USAGE = YES_ERROR;
				CLANG_WARN_DOCUMENTATION_COMMENTS = YES;
				CLANG_WARN_EMPTY_BODY = YES;
				CLANG_WARN_ENUM_CONVERSION = YES;
				CLANG_WARN_INFINITE_RECURSION = YES;
				CLANG_WARN_INT_CONVERSION = YES;
				CLANG_WARN_NON_LITERAL_NULL_CONVERSION = YES;
				CLANG_WARN_OBJC_IMPLICIT_RETAIN_SELF = YES;
				CLANG_WARN_OBJC_LITERAL_CONVERSION = YES;
				CLANG_WARN_OBJC_ROOT_CLASS = YES_ERROR;
				CLANG_WARN_QUOTED_INCLUDE_IN_FRAMEWORK_HEADER = YES;
				CLANG_WARN_RANGE_LOOP_ANALYSIS = YES;
				CLANG_WARN_STRICT_PROTOTYPES = YES;
				CLANG_WARN_SUSPICIOUS_MOVE = YES;
				CLANG_WARN_UNGUARDED_AVAILABILITY = YES_AGGRESSIVE;
				CLANG_WARN_UNREACHABLE_CODE = YES;
				CLANG_WARN__DUPLICATE_METHOD_MATCH = YES;
				COPY_PHASE_STRIP = NO;
				DEBUG_INFORMATION_FORMAT = dwarf;
				ENABLE_STRICT_OBJC_MSGSEND = YES;
				ENABLE_TESTABILITY = YES;
				GCC_C_LANGUAGE_STANDARD = gnu11;
				GCC_DYNAMIC_NO_PIC = NO;
				GCC_NO_COMMON_BLOCKS = YES;
				GCC_OPTIMIZATION_LEVEL = 0;
				GCC_PREPROCESSOR_DEFINITIONS = (
					"DEBUG=1",
					"$(inherited)",
				);
				GCC_WARN_64_TO_32_BIT_CONVERSION = YES;
				GCC_WARN_ABOUT_RETURN_TYPE = YES_ERROR;
				GCC_WARN_UNDECLARED_SELECTOR = YES;
				GCC_WARN_UNINITIALIZED_AUTOS = YES_AGGRESSIVE;
				GCC_WARN_UNUSED_FUNCTION = YES;
				GCC_WARN_UNUSED_VARIABLE = YES;
				IPHONEOS_DEPLOYMENT_TARGET = 14.4;
				MTL_ENABLE_DEBUG_INFO = INCLUDE_SOURCE;
				MTL_FAST_MATH = YES;
				ONLY_ACTIVE_ARCH = YES;
				SDKROOT = iphoneos;
				SWIFT_ACTIVE_COMPILATION_CONDITIONS = DEBUG;
				SWIFT_OPTIMIZATION_LEVEL = "-Onone";
			};
			name = Debug;
		};
		7F531AE426BF2404002106E2 /* Release */ = {
			isa = XCBuildConfiguration;
			buildSettings = {
				ALWAYS_SEARCH_USER_PATHS = NO;
				CLANG_ANALYZER_NONNULL = YES;
				CLANG_ANALYZER_NUMBER_OBJECT_CONVERSION = YES_AGGRESSIVE;
				CLANG_CXX_LANGUAGE_STANDARD = "gnu++14";
				CLANG_CXX_LIBRARY = "libc++";
				CLANG_ENABLE_MODULES = YES;
				CLANG_ENABLE_OBJC_ARC = YES;
				CLANG_ENABLE_OBJC_WEAK = YES;
				CLANG_WARN_BLOCK_CAPTURE_AUTORELEASING = YES;
				CLANG_WARN_BOOL_CONVERSION = YES;
				CLANG_WARN_COMMA = YES;
				CLANG_WARN_CONSTANT_CONVERSION = YES;
				CLANG_WARN_DEPRECATED_OBJC_IMPLEMENTATIONS = YES;
				CLANG_WARN_DIRECT_OBJC_ISA_USAGE = YES_ERROR;
				CLANG_WARN_DOCUMENTATION_COMMENTS = YES;
				CLANG_WARN_EMPTY_BODY = YES;
				CLANG_WARN_ENUM_CONVERSION = YES;
				CLANG_WARN_INFINITE_RECURSION = YES;
				CLANG_WARN_INT_CONVERSION = YES;
				CLANG_WARN_NON_LITERAL_NULL_CONVERSION = YES;
				CLANG_WARN_OBJC_IMPLICIT_RETAIN_SELF = YES;
				CLANG_WARN_OBJC_LITERAL_CONVERSION = YES;
				CLANG_WARN_OBJC_ROOT_CLASS = YES_ERROR;
				CLANG_WARN_QUOTED_INCLUDE_IN_FRAMEWORK_HEADER = YES;
				CLANG_WARN_RANGE_LOOP_ANALYSIS = YES;
				CLANG_WARN_STRICT_PROTOTYPES = YES;
				CLANG_WARN_SUSPICIOUS_MOVE = YES;
				CLANG_WARN_UNGUARDED_AVAILABILITY = YES_AGGRESSIVE;
				CLANG_WARN_UNREACHABLE_CODE = YES;
				CLANG_WARN__DUPLICATE_METHOD_MATCH = YES;
				COPY_PHASE_STRIP = NO;
				DEBUG_INFORMATION_FORMAT = "dwarf-with-dsym";
				ENABLE_NS_ASSERTIONS = NO;
				ENABLE_STRICT_OBJC_MSGSEND = YES;
				GCC_C_LANGUAGE_STANDARD = gnu11;
				GCC_NO_COMMON_BLOCKS = YES;
				GCC_WARN_64_TO_32_BIT_CONVERSION = YES;
				GCC_WARN_ABOUT_RETURN_TYPE = YES_ERROR;
				GCC_WARN_UNDECLARED_SELECTOR = YES;
				GCC_WARN_UNINITIALIZED_AUTOS = YES_AGGRESSIVE;
				GCC_WARN_UNUSED_FUNCTION = YES;
				GCC_WARN_UNUSED_VARIABLE = YES;
				IPHONEOS_DEPLOYMENT_TARGET = 14.4;
				MTL_ENABLE_DEBUG_INFO = NO;
				MTL_FAST_MATH = YES;
				SDKROOT = iphoneos;
				SWIFT_COMPILATION_MODE = wholemodule;
				SWIFT_OPTIMIZATION_LEVEL = "-O";
				VALIDATE_PRODUCT = YES;
			};
			name = Release;
		};
		7F531AE626BF2404002106E2 /* Debug */ = {
			isa = XCBuildConfiguration;
			buildSettings = {
				ASSETCATALOG_COMPILER_APPICON_NAME = AppIcon;
				ASSETCATALOG_COMPILER_GLOBAL_ACCENT_COLOR_NAME = AccentColor;
				CODE_SIGN_STYLE = Automatic;
				DEVELOPMENT_TEAM = WJC28NCDTP;
				INFOPLIST_FILE = "cat-breed-finder/Supporting Files/Info.plist";
				LD_RUNPATH_SEARCH_PATHS = (
					"$(inherited)",
					"@executable_path/Frameworks",
				);
				PRODUCT_BUNDLE_IDENTIFIER = "br.com.fabriciocarvalhal.cat-breed-finder";
				PRODUCT_NAME = "$(TARGET_NAME)";
				SWIFT_VERSION = 5.0;
				TARGETED_DEVICE_FAMILY = "1,2";
			};
			name = Debug;
		};
		7F531AE726BF2404002106E2 /* Release */ = {
			isa = XCBuildConfiguration;
			buildSettings = {
				ASSETCATALOG_COMPILER_APPICON_NAME = AppIcon;
				ASSETCATALOG_COMPILER_GLOBAL_ACCENT_COLOR_NAME = AccentColor;
				CODE_SIGN_STYLE = Automatic;
				DEVELOPMENT_TEAM = WJC28NCDTP;
				INFOPLIST_FILE = "cat-breed-finder/Supporting Files/Info.plist";
				LD_RUNPATH_SEARCH_PATHS = (
					"$(inherited)",
					"@executable_path/Frameworks",
				);
				PRODUCT_BUNDLE_IDENTIFIER = "br.com.fabriciocarvalhal.cat-breed-finder";
				PRODUCT_NAME = "$(TARGET_NAME)";
				SWIFT_VERSION = 5.0;
				TARGETED_DEVICE_FAMILY = "1,2";
			};
			name = Release;
		};
/* End XCBuildConfiguration section */

/* Begin XCConfigurationList section */
		7F531ACC26BF2403002106E2 /* Build configuration list for PBXProject "cat-breed-finder" */ = {
			isa = XCConfigurationList;
			buildConfigurations = (
				7F531AE326BF2404002106E2 /* Debug */,
				7F531AE426BF2404002106E2 /* Release */,
			);
			defaultConfigurationIsVisible = 0;
			defaultConfigurationName = Release;
		};
		7F531AE526BF2404002106E2 /* Build configuration list for PBXNativeTarget "cat-breed-finder" */ = {
			isa = XCConfigurationList;
			buildConfigurations = (
				7F531AE626BF2404002106E2 /* Debug */,
				7F531AE726BF2404002106E2 /* Release */,
			);
			defaultConfigurationIsVisible = 0;
			defaultConfigurationName = Release;
		};
/* End XCConfigurationList section */

/* Begin XCRemoteSwiftPackageReference section */
		7F4BAA7826C887D60047F127 /* XCRemoteSwiftPackageReference "SDWebImage" */ = {
			isa = XCRemoteSwiftPackageReference;
			repositoryURL = "https://github.com/SDWebImage/SDWebImage";
			requirement = {
				kind = upToNextMajorVersion;
				minimumVersion = 5.11.1;
			};
		};
		7F78868726CA1FB0002B5C04 /* XCRemoteSwiftPackageReference "realm-cocoa" */ = {
			isa = XCRemoteSwiftPackageReference;
			repositoryURL = "https://github.com/realm/realm-cocoa";
			requirement = {
				kind = upToNextMajorVersion;
				minimumVersion = 10.12.0;
			};
		};
/* End XCRemoteSwiftPackageReference section */

/* Begin XCSwiftPackageProductDependency section */
		7F4BAA7926C887D60047F127 /* SDWebImage */ = {
			isa = XCSwiftPackageProductDependency;
			package = 7F4BAA7826C887D60047F127 /* XCRemoteSwiftPackageReference "SDWebImage" */;
			productName = SDWebImage;
		};
		7F78868826CA1FB0002B5C04 /* RealmSwift */ = {
			isa = XCSwiftPackageProductDependency;
			package = 7F78868726CA1FB0002B5C04 /* XCRemoteSwiftPackageReference "realm-cocoa" */;
			productName = RealmSwift;
		};
		7F78868A26CA1FB0002B5C04 /* Realm */ = {
			isa = XCSwiftPackageProductDependency;
			package = 7F78868726CA1FB0002B5C04 /* XCRemoteSwiftPackageReference "realm-cocoa" */;
			productName = Realm;
		};
/* End XCSwiftPackageProductDependency section */
	};
	rootObject = 7F531AC926BF2403002106E2 /* Project object */;
}
